// !$*UTF8*$!
{
	archiveVersion = 1;
	classes = {
	};
	objectVersion = 46;
	objects = {

/* Begin PBXBuildFile section */
		3B3392381AFBEF3300FEA5F8 /* main.m in Sources */ = {isa = PBXBuildFile; fileRef = 3B3392371AFBEF3300FEA5F8 /* main.m */; };
		3B33923B1AFBEF3300FEA5F8 /* AppDelegate.m in Sources */ = {isa = PBXBuildFile; fileRef = 3B33923A1AFBEF3300FEA5F8 /* AppDelegate.m */; };
		3B33923E1AFBEF3300FEA5F8 /* ViewController.m in Sources */ = {isa = PBXBuildFile; fileRef = 3B33923D1AFBEF3300FEA5F8 /* ViewController.m */; };
		3B3392411AFBEF3300FEA5F8 /* Main.storyboard in Resources */ = {isa = PBXBuildFile; fileRef = 3B33923F1AFBEF3300FEA5F8 /* Main.storyboard */; };
		3B3392431AFBEF3300FEA5F8 /* Images.xcassets in Resources */ = {isa = PBXBuildFile; fileRef = 3B3392421AFBEF3300FEA5F8 /* Images.xcassets */; };
		3B3392461AFBEF3300FEA5F8 /* LaunchScreen.xib in Resources */ = {isa = PBXBuildFile; fileRef = 3B3392441AFBEF3300FEA5F8 /* LaunchScreen.xib */; };
		3B3392521AFBEF3300FEA5F8 /* colUtilTests.m in Sources */ = {isa = PBXBuildFile; fileRef = 3B3392511AFBEF3300FEA5F8 /* colUtilTests.m */; };
/* End PBXBuildFile section */

/* Begin PBXContainerItemProxy section */
		3B33924C1AFBEF3300FEA5F8 /* PBXContainerItemProxy */ = {
			isa = PBXContainerItemProxy;
			containerPortal = 3B33922A1AFBEF3300FEA5F8 /* Project object */;
			proxyType = 1;
			remoteGlobalIDString = 3B3392311AFBEF3300FEA5F8;
			remoteInfo = colUtil;
		};
/* End PBXContainerItemProxy section */

/* Begin PBXFileReference section */
		3B3392321AFBEF3300FEA5F8 /* colUtil.app */ = {isa = PBXFileReference; explicitFileType = wrapper.application; includeInIndex = 0; path = colUtil.app; sourceTree = BUILT_PRODUCTS_DIR; };
		3B3392361AFBEF3300FEA5F8 /* Info.plist */ = {isa = PBXFileReference; lastKnownFileType = text.plist.xml; path = Info.plist; sourceTree = "<group>"; };
		3B3392371AFBEF3300FEA5F8 /* main.m */ = {isa = PBXFileReference; lastKnownFileType = sourcecode.c.objc; path = main.m; sourceTree = "<group>"; };
		3B3392391AFBEF3300FEA5F8 /* AppDelegate.h */ = {isa = PBXFileReference; lastKnownFileType = sourcecode.c.h; path = AppDelegate.h; sourceTree = "<group>"; };
		3B33923A1AFBEF3300FEA5F8 /* AppDelegate.m */ = {isa = PBXFileReference; lastKnownFileType = sourcecode.c.objc; path = AppDelegate.m; sourceTree = "<group>"; };
		3B33923C1AFBEF3300FEA5F8 /* ViewController.h */ = {isa = PBXFileReference; lastKnownFileType = sourcecode.c.h; path = ViewController.h; sourceTree = "<group>"; };
		3B33923D1AFBEF3300FEA5F8 /* ViewController.m */ = {isa = PBXFileReference; lastKnownFileType = sourcecode.c.objc; path = ViewController.m; sourceTree = "<group>"; };
		3B3392401AFBEF3300FEA5F8 /* Base */ = {isa = PBXFileReference; lastKnownFileType = file.storyboard; name = Base; path = Base.lproj/Main.storyboard; sourceTree = "<group>"; };
		3B3392421AFBEF3300FEA5F8 /* Images.xcassets */ = {isa = PBXFileReference; lastKnownFileType = folder.assetcatalog; path = Images.xcassets; sourceTree = "<group>"; };
		3B3392451AFBEF3300FEA5F8 /* Base */ = {isa = PBXFileReference; lastKnownFileType = file.xib; name = Base; path = Base.lproj/LaunchScreen.xib; sourceTree = "<group>"; };
		3B33924B1AFBEF3300FEA5F8 /* colUtilTests.xctest */ = {isa = PBXFileReference; explicitFileType = wrapper.cfbundle; includeInIndex = 0; path = colUtilTests.xctest; sourceTree = BUILT_PRODUCTS_DIR; };
		3B3392501AFBEF3300FEA5F8 /* Info.plist */ = {isa = PBXFileReference; lastKnownFileType = text.plist.xml; path = Info.plist; sourceTree = "<group>"; };
		3B3392511AFBEF3300FEA5F8 /* colUtilTests.m */ = {isa = PBXFileReference; lastKnownFileType = sourcecode.c.objc; path = colUtilTests.m; sourceTree = "<group>"; };
/* End PBXFileReference section */

/* Begin PBXFrameworksBuildPhase section */
		3B33922F1AFBEF3300FEA5F8 /* Frameworks */ = {
			isa = PBXFrameworksBuildPhase;
			buildActionMask = 2147483647;
			files = (
			);
			runOnlyForDeploymentPostprocessing = 0;
		};
		3B3392481AFBEF3300FEA5F8 /* Frameworks */ = {
			isa = PBXFrameworksBuildPhase;
			buildActionMask = 2147483647;
			files = (
			);
			runOnlyForDeploymentPostprocessing = 0;
		};
/* End PBXFrameworksBuildPhase section */

/* Begin PBXGroup section */
		3B3392291AFBEF3300FEA5F8 = {
			isa = PBXGroup;
			children = (
				3B3392341AFBEF3300FEA5F8 /* colUtil */,
				3B33924E1AFBEF3300FEA5F8 /* colUtilTests */,
				3B3392331AFBEF3300FEA5F8 /* Products */,
			);
			sourceTree = "<group>";
		};
		3B3392331AFBEF3300FEA5F8 /* Products */ = {
			isa = PBXGroup;
			children = (
				3B3392321AFBEF3300FEA5F8 /* colUtil.app */,
				3B33924B1AFBEF3300FEA5F8 /* colUtilTests.xctest */,
			);
			name = Products;
			sourceTree = "<group>";
		};
		3B3392341AFBEF3300FEA5F8 /* colUtil */ = {
			isa = PBXGroup;
			children = (
				3B3392391AFBEF3300FEA5F8 /* AppDelegate.h */,
				3B33923A1AFBEF3300FEA5F8 /* AppDelegate.m */,
				3B33923C1AFBEF3300FEA5F8 /* ViewController.h */,
				3B33923D1AFBEF3300FEA5F8 /* ViewController.m */,
				3B33923F1AFBEF3300FEA5F8 /* Main.storyboard */,
				3B3392421AFBEF3300FEA5F8 /* Images.xcassets */,
				3B3392441AFBEF3300FEA5F8 /* LaunchScreen.xib */,
				3B3392351AFBEF3300FEA5F8 /* Supporting Files */,
			);
			path = colUtil;
			sourceTree = "<group>";
		};
		3B3392351AFBEF3300FEA5F8 /* Supporting Files */ = {
			isa = PBXGroup;
			children = (
				3B3392361AFBEF3300FEA5F8 /* Info.plist */,
				3B3392371AFBEF3300FEA5F8 /* main.m */,
			);
			name = "Supporting Files";
			sourceTree = "<group>";
		};
		3B33924E1AFBEF3300FEA5F8 /* colUtilTests */ = {
			isa = PBXGroup;
			children = (
				3B3392511AFBEF3300FEA5F8 /* colUtilTests.m */,
				3B33924F1AFBEF3300FEA5F8 /* Supporting Files */,
			);
			path = colUtilTests;
			sourceTree = "<group>";
		};
		3B33924F1AFBEF3300FEA5F8 /* Supporting Files */ = {
			isa = PBXGroup;
			children = (
				3B3392501AFBEF3300FEA5F8 /* Info.plist */,
			);
			name = "Supporting Files";
			sourceTree = "<group>";
		};
/* End PBXGroup section */

/* Begin PBXNativeTarget section */
		3B3392311AFBEF3300FEA5F8 /* colUtil */ = {
			isa = PBXNativeTarget;
			buildConfigurationList = 3B3392551AFBEF3300FEA5F8 /* Build configuration list for PBXNativeTarget "colUtil" */;
			buildPhases = (
				3B33922E1AFBEF3300FEA5F8 /* Sources */,
				3B33922F1AFBEF3300FEA5F8 /* Frameworks */,
				3B3392301AFBEF3300FEA5F8 /* Resources */,
			);
			buildRules = (
			);
			dependencies = (
			);
			name = colUtil;
			productName = colUtil;
			productReference = 3B3392321AFBEF3300FEA5F8 /* colUtil.app */;
			productType = "com.apple.product-type.application";
		};
		3B33924A1AFBEF3300FEA5F8 /* colUtilTests */ = {
			isa = PBXNativeTarget;
			buildConfigurationList = 3B3392581AFBEF3300FEA5F8 /* Build configuration list for PBXNativeTarget "colUtilTests" */;
			buildPhases = (
				3B3392471AFBEF3300FEA5F8 /* Sources */,
				3B3392481AFBEF3300FEA5F8 /* Frameworks */,
				3B3392491AFBEF3300FEA5F8 /* Resources */,
			);
			buildRules = (
			);
			dependencies = (
				3B33924D1AFBEF3300FEA5F8 /* PBXTargetDependency */,
			);
			name = colUtilTests;
			productName = colUtilTests;
			productReference = 3B33924B1AFBEF3300FEA5F8 /* colUtilTests.xctest */;
			productType = "com.apple.product-type.bundle.unit-test";
		};
/* End PBXNativeTarget section */

/* Begin PBXProject section */
		3B33922A1AFBEF3300FEA5F8 /* Project object */ = {
			isa = PBXProject;
			attributes = {
				LastUpgradeCheck = 0620;
				ORGANIZATIONNAME = zbeyer;
				TargetAttributes = {
					3B3392311AFBEF3300FEA5F8 = {
						CreatedOnToolsVersion = 6.2;
					};
					3B33924A1AFBEF3300FEA5F8 = {
						CreatedOnToolsVersion = 6.2;
						TestTargetID = 3B3392311AFBEF3300FEA5F8;
					};
				};
			};
			buildConfigurationList = 3B33922D1AFBEF3300FEA5F8 /* Build configuration list for PBXProject "colUtil" */;
			compatibilityVersion = "Xcode 3.2";
			developmentRegion = English;
			hasScannedForEncodings = 0;
			knownRegions = (
				en,
				Base,
			);
			mainGroup = 3B3392291AFBEF3300FEA5F8;
			productRefGroup = 3B3392331AFBEF3300FEA5F8 /* Products */;
			projectDirPath = "";
			projectRoot = "";
			targets = (
				3B3392311AFBEF3300FEA5F8 /* colUtil */,
				3B33924A1AFBEF3300FEA5F8 /* colUtilTests */,
			);
		};
/* End PBXProject section */

/* Begin PBXResourcesBuildPhase section */
		3B3392301AFBEF3300FEA5F8 /* Resources */ = {
			isa = PBXResourcesBuildPhase;
			buildActionMask = 2147483647;
			files = (
				3B3392411AFBEF3300FEA5F8 /* Main.storyboard in Resources */,
				3B3392461AFBEF3300FEA5F8 /* LaunchScreen.xib in Resources */,
				3B3392431AFBEF3300FEA5F8 /* Images.xcassets in Resources */,
			);
			runOnlyForDeploymentPostprocessing = 0;
		};
		3B3392491AFBEF3300FEA5F8 /* Resources */ = {
			isa = PBXResourcesBuildPhase;
			buildActionMask = 2147483647;
			files = (
			);
			runOnlyForDeploymentPostprocessing = 0;
		};
/* End PBXResourcesBuildPhase section */

/* Begin PBXSourcesBuildPhase section */
		3B33922E1AFBEF3300FEA5F8 /* Sources */ = {
			isa = PBXSourcesBuildPhase;
			buildActionMask = 2147483647;
			files = (
				3B33923E1AFBEF3300FEA5F8 /* ViewController.m in Sources */,
				3B33923B1AFBEF3300FEA5F8 /* AppDelegate.m in Sources */,
				3B3392381AFBEF3300FEA5F8 /* main.m in Sources */,
			);
			runOnlyForDeploymentPostprocessing = 0;
		};
		3B3392471AFBEF3300FEA5F8 /* Sources */ = {
			isa = PBXSourcesBuildPhase;
			buildActionMask = 2147483647;
			files = (
				3B3392521AFBEF3300FEA5F8 /* colUtilTests.m in Sources */,
			);
			runOnlyForDeploymentPostprocessing = 0;
		};
/* End PBXSourcesBuildPhase section */

/* Begin PBXTargetDependency section */
		3B33924D1AFBEF3300FEA5F8 /* PBXTargetDependency */ = {
			isa = PBXTargetDependency;
			target = 3B3392311AFBEF3300FEA5F8 /* colUtil */;
			targetProxy = 3B33924C1AFBEF3300FEA5F8 /* PBXContainerItemProxy */;
		};
/* End PBXTargetDependency section */

/* Begin PBXVariantGroup section */
		3B33923F1AFBEF3300FEA5F8 /* Main.storyboard */ = {
			isa = PBXVariantGroup;
			children = (
				3B3392401AFBEF3300FEA5F8 /* Base */,
			);
			name = Main.storyboard;
			sourceTree = "<group>";
		};
		3B3392441AFBEF3300FEA5F8 /* LaunchScreen.xib */ = {
			isa = PBXVariantGroup;
			children = (
				3B3392451AFBEF3300FEA5F8 /* Base */,
			);
			name = LaunchScreen.xib;
			sourceTree = "<group>";
		};
/* End PBXVariantGroup section */

/* Begin XCBuildConfiguration section */
		3B3392531AFBEF3300FEA5F8 /* Debug */ = {
			isa = XCBuildConfiguration;
			buildSettings = {
				ALWAYS_SEARCH_USER_PATHS = NO;
				CLANG_CXX_LANGUAGE_STANDARD = "gnu++0x";
				CLANG_CXX_LIBRARY = "libc++";
				CLANG_ENABLE_MODULES = YES;
				CLANG_ENABLE_OBJC_ARC = YES;
				CLANG_WARN_BOOL_CONVERSION = YES;
				CLANG_WARN_CONSTANT_CONVERSION = YES;
				CLANG_WARN_DIRECT_OBJC_ISA_USAGE = YES_ERROR;
				CLANG_WARN_EMPTY_BODY = YES;
				CLANG_WARN_ENUM_CONVERSION = YES;
				CLANG_WARN_INT_CONVERSION = YES;
				CLANG_WARN_OBJC_ROOT_CLASS = YES_ERROR;
				CLANG_WARN_UNREACHABLE_CODE = YES;
				CLANG_WARN__DUPLICATE_METHOD_MATCH = YES;
				"CODE_SIGN_IDENTITY[sdk=iphoneos*]" = "iPhone Developer";
				COPY_PHASE_STRIP = NO;
				ENABLE_STRICT_OBJC_MSGSEND = YES;
				GCC_C_LANGUAGE_STANDARD = gnu99;
				GCC_DYNAMIC_NO_PIC = NO;
				GCC_OPTIMIZATION_LEVEL = 0;
				GCC_PREPROCESSOR_DEFINITIONS = (
					"DEBUG=1",
					"$(inherited)",
				);
				GCC_SYMBOLS_PRIVATE_EXTERN = NO;
				GCC_WARN_64_TO_32_BIT_CONVERSION = YES;
				GCC_WARN_ABOUT_RETURN_TYPE = YES_ERROR;
				GCC_WARN_UNDECLARED_SELECTOR = YES;
				GCC_WARN_UNINITIALIZED_AUTOS = YES_AGGRESSIVE;
				GCC_WARN_UNUSED_FUNCTION = YES;
				GCC_WARN_UNUSED_VARIABLE = YES;
				IPHONEOS_DEPLOYMENT_TARGET = 8.2;
				MTL_ENABLE_DEBUG_INFO = YES;
				ONLY_ACTIVE_ARCH = YES;
				SDKROOT = iphoneos;
				TARGETED_DEVICE_FAMILY = "1,2";
			};
			name = Debug;
		};
		3B3392541AFBEF3300FEA5F8 /* Release */ = {
			isa = XCBuildConfiguration;
			buildSettings = {
				ALWAYS_SEARCH_USER_PATHS = NO;
				CLANG_CXX_LANGUAGE_STANDARD = "gnu++0x";
				CLANG_CXX_LIBRARY = "libc++";
				CLANG_ENABLE_MODULES = YES;
				CLANG_ENABLE_OBJC_ARC = YES;
				CLANG_WARN_BOOL_CONVERSION = YES;
				CLANG_WARN_CONSTANT_CONVERSION = YES;
				CLANG_WARN_DIRECT_OBJC_ISA_USAGE = YES_ERROR;
				CLANG_WARN_EMPTY_BODY = YES;
				CLANG_WARN_ENUM_CONVERSION = YES;
				CLANG_WARN_INT_CONVERSION = YES;
				CLANG_WARN_OBJC_ROOT_CLASS = YES_ERROR;
				CLANG_WARN_UNREACHABLE_CODE = YES;
				CLANG_WARN__DUPLICATE_METHOD_MATCH = YES;
				"CODE_SIGN_IDENTITY[sdk=iphoneos*]" = "iPhone Developer";
				COPY_PHASE_STRIP = NO;
				ENABLE_NS_ASSERTIONS = NO;
				ENABLE_STRICT_OBJC_MSGSEND = YES;
				GCC_C_LANGUAGE_STANDARD = gnu99;
				GCC_WARN_64_TO_32_BIT_CONVERSION = YES;
				GCC_WARN_ABOUT_RETURN_TYPE = YES_ERROR;
				GCC_WARN_UNDECLARED_SELECTOR = YES;
				GCC_WARN_UNINITIALIZED_AUTOS = YES_AGGRESSIVE;
				GCC_WARN_UNUSED_FUNCTION = YES;
				GCC_WARN_UNUSED_VARIABLE = YES;
				IPHONEOS_DEPLOYMENT_TARGET = 8.2;
				MTL_ENABLE_DEBUG_INFO = NO;
				SDKROOT = iphoneos;
				TARGETED_DEVICE_FAMILY = "1,2";
				VALIDATE_PRODUCT = YES;
			};
			name = Release;
		};
		3B3392561AFBEF3300FEA5F8 /* Debug */ = {
			isa = XCBuildConfiguration;
			buildSettings = {
				ASSETCATALOG_COMPILER_APPICON_NAME = AppIcon;
				INFOPLIST_FILE = colUtil/Info.plist;
				LD_RUNPATH_SEARCH_PATHS = "$(inherited) @executable_path/Frameworks";
				PRODUCT_NAME = "$(TARGET_NAME)";
			};
			name = Debug;
		};
		3B3392571AFBEF3300FEA5F8 /* Release */ = {
			isa = XCBuildConfiguration;
			buildSettings = {
				ASSETCATALOG_COMPILER_APPICON_NAME = AppIcon;
				INFOPLIST_FILE = colUtil/Info.plist;
				LD_RUNPATH_SEARCH_PATHS = "$(inherited) @executable_path/Frameworks";
				PRODUCT_NAME = "$(TARGET_NAME)";
			};
			name = Release;
		};
		3B3392591AFBEF3300FEA5F8 /* Debug */ = {
			isa = XCBuildConfiguration;
			buildSettings = {
				BUNDLE_LOADER = "$(TEST_HOST)";
				FRAMEWORK_SEARCH_PATHS = (
					"$(SDKROOT)/Developer/Library/Frameworks",
					"$(inherited)",
				);
				GCC_PREPROCESSOR_DEFINITIONS = (
					"DEBUG=1",
					"$(inherited)",
				);
				INFOPLIST_FILE = colUtilTests/Info.plist;
				LD_RUNPATH_SEARCH_PATHS = "$(inherited) @executable_path/Frameworks @loader_path/Frameworks";
				PRODUCT_NAME = "$(TARGET_NAME)";
				TEST_HOST = "$(BUILT_PRODUCTS_DIR)/colUtil.app/colUtil";
			};
			name = Debug;
		};
		3B33925A1AFBEF3300FEA5F8 /* Release */ = {
			isa = XCBuildConfiguration;
			buildSettings = {
				BUNDLE_LOADER = "$(TEST_HOST)";
				FRAMEWORK_SEARCH_PATHS = (
					"$(SDKROOT)/Developer/Library/Frameworks",
					"$(inherited)",
				);
				INFOPLIST_FILE = colUtilTests/Info.plist;
				LD_RUNPATH_SEARCH_PATHS = "$(inherited) @executable_path/Frameworks @loader_path/Frameworks";
				PRODUCT_NAME = "$(TARGET_NAME)";
				TEST_HOST = "$(BUILT_PRODUCTS_DIR)/colUtil.app/colUtil";
			};
			name = Release;
		};
/* End XCBuildConfiguration section */

/* Begin XCConfigurationList section */
		3B33922D1AFBEF3300FEA5F8 /* Build configuration list for PBXProject "colUtil" */ = {
			isa = XCConfigurationList;
			buildConfigurations = (
				3B3392531AFBEF3300FEA5F8 /* Debug */,
				3B3392541AFBEF3300FEA5F8 /* Release */,
			);
			defaultConfigurationIsVisible = 0;
			defaultConfigurationName = Release;
		};
		3B3392551AFBEF3300FEA5F8 /* Build configuration list for PBXNativeTarget "colUtil" */ = {
			isa = XCConfigurationList;
			buildConfigurations = (
				3B3392561AFBEF3300FEA5F8 /* Debug */,
				3B3392571AFBEF3300FEA5F8 /* Release */,
			);
			defaultConfigurationIsVisible = 0;
		};
		3B3392581AFBEF3300FEA5F8 /* Build configuration list for PBXNativeTarget "colUtilTests" */ = {
			isa = XCConfigurationList;
			buildConfigurations = (
				3B3392591AFBEF3300FEA5F8 /* Debug */,
				3B33925A1AFBEF3300FEA5F8 /* Release */,
			);
			defaultConfigurationIsVisible = 0;
		};
/* End XCConfigurationList section */
	};
	rootObject = 3B33922A1AFBEF3300FEA5F8 /* Project object */;
}
